
Microsoft Visual Studio Solution File, Format Version 12.00
# Visual Studio Version 16
VisualStudioVersion = 16.0.31321.278
MinimumVisualStudioVersion = 10.0.40219.1
Project("{FAE04EC0-301F-11D3-BF4B-00C04F79EFBC}") = "UniApp", "UniApp\UniApp.csproj", "{1DBF29D6-2A2E-43D8-A42A-D05520083F24}"
EndProject
Global
	GlobalSection(SolutionConfigurationPlatforms) = preSolution
		Debug|Any CPU = Debug|Any CPU
		Release|Any CPU = Release|Any CPU
	EndGlobalSection
	GlobalSection(ProjectConfigurationPlatforms) = postSolution
		{1DBF29D6-2A2E-43D8-A42A-D05520083F24}.Debug|Any CPU.ActiveCfg = Debug|Any CPU
		{1DBF29D6-2A2E-43D8-A42A-D05520083F24}.Debug|Any CPU.Build.0 = Debug|Any CPU
		{1DBF29D6-2A2E-43D8-A42A-D05520083F24}.Release|Any CPU.ActiveCfg = Release|Any CPU
		{1DBF29D6-2A2E-43D8-A42A-D05520083F24}.Release|Any CPU.Build.0 = Release|Any CPU
	EndGlobalSection
	GlobalSection(SolutionProperties) = preSolution
		HideSolutionNode = FALSE
	EndGlobalSection
	GlobalSection(ExtensibilityGlobals) = postSolution
		SolutionGuid = {374B3311-D6CA-4B65-A7E8-133DD4B5E87F}
	EndGlobalSection
EndGlobal
